
Microsoft Visual Studio Solution File, Format Version 12.00
Project("{FAE04EC0-301F-11D3-BF4B-00C04F79EFBC}") = "TechnicalAssignment", "TechnicalAssignment\TechnicalAssignment.csproj", "{334A59C9-342E-4D28-B778-29BD1A2C8FD9}"
EndProject
Global
	GlobalSection(SolutionConfigurationPlatforms) = preSolution
		Debug|Any CPU = Debug|Any CPU
		Release|Any CPU = Release|Any CPU
	EndGlobalSection
	GlobalSection(ProjectConfigurationPlatforms) = postSolution
		{334A59C9-342E-4D28-B778-29BD1A2C8FD9}.Debug|Any CPU.ActiveCfg = Debug|Any CPU
		{334A59C9-342E-4D28-B778-29BD1A2C8FD9}.Debug|Any CPU.Build.0 = Debug|Any CPU
		{334A59C9-342E-4D28-B778-29BD1A2C8FD9}.Release|Any CPU.ActiveCfg = Release|Any CPU
		{334A59C9-342E-4D28-B778-29BD1A2C8FD9}.Release|Any CPU.Build.0 = Release|Any CPU
	EndGlobalSection
EndGlobal
